
Microsoft Visual Studio Solution File, Format Version 12.00
# Visual Studio Version 16
VisualStudioVersion = 16.0.31624.102
MinimumVisualStudioVersion = 10.0.40219.1
Project("{FAE04EC0-301F-11D3-BF4B-00C04F79EFBC}") = "PizzariaASP", "PizzariaASP\PizzariaASP.csproj", "{ED100045-CBC0-4A8F-9593-A664FCD13609}"
EndProject
Project("{FAE04EC0-301F-11D3-BF4B-00C04F79EFBC}") = "PizzariaDAL", "PizzariaDAL\PizzariaDAL.csproj", "{E6205571-213F-4E14-A996-839664B1F70E}"
EndProject
Global
	GlobalSection(SolutionConfigurationPlatforms) = preSolution
		Debug|Any CPU = Debug|Any CPU
		Release|Any CPU = Release|Any CPU
	EndGlobalSection
	GlobalSection(ProjectConfigurationPlatforms) = postSolution
		{ED100045-CBC0-4A8F-9593-A664FCD13609}.Debug|Any CPU.ActiveCfg = Debug|Any CPU
		{ED100045-CBC0-4A8F-9593-A664FCD13609}.Debug|Any CPU.Build.0 = Debug|Any CPU
		{ED100045-CBC0-4A8F-9593-A664FCD13609}.Release|Any CPU.ActiveCfg = Release|Any CPU
		{ED100045-CBC0-4A8F-9593-A664FCD13609}.Release|Any CPU.Build.0 = Release|Any CPU
		{E6205571-213F-4E14-A996-839664B1F70E}.Debug|Any CPU.ActiveCfg = Debug|Any CPU
		{E6205571-213F-4E14-A996-839664B1F70E}.Debug|Any CPU.Build.0 = Debug|Any CPU
		{E6205571-213F-4E14-A996-839664B1F70E}.Release|Any CPU.ActiveCfg = Release|Any CPU
		{E6205571-213F-4E14-A996-839664B1F70E}.Release|Any CPU.Build.0 = Release|Any CPU
	EndGlobalSection
	GlobalSection(SolutionProperties) = preSolution
		HideSolutionNode = FALSE
	EndGlobalSection
	GlobalSection(ExtensibilityGlobals) = postSolution
		SolutionGuid = {AA0E0DF2-708C-43BD-8A20-F95956931180}
	EndGlobalSection
EndGlobal
